
Microsoft Visual Studio Solution File, Format Version 12.00
# Visual Studio Version 17
VisualStudioVersion = 17.6.33723.286
MinimumVisualStudioVersion = 10.0.40219.1
Project("{FAE04EC0-301F-11D3-BF4B-00C04F79EFBC}") = "ReachOutVeevaPromoMats", "ReachOutVeevaPromoMats.csproj", "{5CCFD5EC-5F4F-4E9F-B709-AD01495BC296}"
EndProject
Project("{FAE04EC0-301F-11D3-BF4B-00C04F79EFBC}") = "ReachOutAuth.Models", "ReachOutAuth.Models\ReachOutAuth.Models.csproj", "{2E645D93-6EA3-0AA6-75B0-4091BDEFFDD9}"
EndProject
Global
	GlobalSection(SolutionConfigurationPlatforms) = preSolution
		Debug|Any CPU = Debug|Any CPU
		Release|Any CPU = Release|Any CPU
	EndGlobalSection
	GlobalSection(ProjectConfigurationPlatforms) = postSolution
		{5CCFD5EC-5F4F-4E9F-B709-AD01495BC296}.Debug|Any CPU.ActiveCfg = Debug|Any CPU
		{5CCFD5EC-5F4F-4E9F-B709-AD01495BC296}.Debug|Any CPU.Build.0 = Debug|Any CPU
		{5CCFD5EC-5F4F-4E9F-B709-AD01495BC296}.Release|Any CPU.ActiveCfg = Release|Any CPU
		{5CCFD5EC-5F4F-4E9F-B709-AD01495BC296}.Release|Any CPU.Build.0 = Release|Any CPU
		{2E645D93-6EA3-0AA6-75B0-4091BDEFFDD9}.Debug|Any CPU.ActiveCfg = Debug|Any CPU
		{2E645D93-6EA3-0AA6-75B0-4091BDEFFDD9}.Debug|Any CPU.Build.0 = Debug|Any CPU
		{2E645D93-6EA3-0AA6-75B0-4091BDEFFDD9}.Release|Any CPU.ActiveCfg = Release|Any CPU
		{2E645D93-6EA3-0AA6-75B0-4091BDEFFDD9}.Release|Any CPU.Build.0 = Release|Any CPU
	EndGlobalSection
	GlobalSection(SolutionProperties) = preSolution
		HideSolutionNode = FALSE
	EndGlobalSection
	GlobalSection(ExtensibilityGlobals) = postSolution
		SolutionGuid = {764B4060-11CB-4A67-BB04-DD20458B6ABB}
	EndGlobalSection
EndGlobal
